
Microsoft Visual Studio Solution File, Format Version 12.00
# Visual Studio Version 17
VisualStudioVersion = 17.3.32804.467
MinimumVisualStudioVersion = 10.0.40219.1
Project("{9A19103F-16F7-4668-BE54-9A1E7A4F7556}") = "ExternalSorting", "ExternalSorting.csproj", "{48B91A61-5B01-414B-9E9E-C9C8C96C7EA2}"
EndProject
Project("{9A19103F-16F7-4668-BE54-9A1E7A4F7556}") = "ExternalSortingTests", "..\ExternalSortingTests\ExternalSortingTests.csproj", "{FDAD89ED-D825-420C-9091-BDBD7A337943}"
EndProject
Project("{9A19103F-16F7-4668-BE54-9A1E7A4F7556}") = "Generator", "..\Generator\Generator.csproj", "{02D7FF3D-0FBB-4892-A2B2-80BC1523CE7E}"
EndProject
Global
	GlobalSection(SolutionConfigurationPlatforms) = preSolution
		Debug|Any CPU = Debug|Any CPU
		Release|Any CPU = Release|Any CPU
	EndGlobalSection
	GlobalSection(ProjectConfigurationPlatforms) = postSolution
		{48B91A61-5B01-414B-9E9E-C9C8C96C7EA2}.Debug|Any CPU.ActiveCfg = Debug|Any CPU
		{48B91A61-5B01-414B-9E9E-C9C8C96C7EA2}.Debug|Any CPU.Build.0 = Debug|Any CPU
		{48B91A61-5B01-414B-9E9E-C9C8C96C7EA2}.Release|Any CPU.ActiveCfg = Release|Any CPU
		{48B91A61-5B01-414B-9E9E-C9C8C96C7EA2}.Release|Any CPU.Build.0 = Release|Any CPU
		{FDAD89ED-D825-420C-9091-BDBD7A337943}.Debug|Any CPU.ActiveCfg = Debug|Any CPU
		{FDAD89ED-D825-420C-9091-BDBD7A337943}.Debug|Any CPU.Build.0 = Debug|Any CPU
		{FDAD89ED-D825-420C-9091-BDBD7A337943}.Release|Any CPU.ActiveCfg = Release|Any CPU
		{FDAD89ED-D825-420C-9091-BDBD7A337943}.Release|Any CPU.Build.0 = Release|Any CPU
		{02D7FF3D-0FBB-4892-A2B2-80BC1523CE7E}.Debug|Any CPU.ActiveCfg = Debug|Any CPU
		{02D7FF3D-0FBB-4892-A2B2-80BC1523CE7E}.Debug|Any CPU.Build.0 = Debug|Any CPU
		{02D7FF3D-0FBB-4892-A2B2-80BC1523CE7E}.Release|Any CPU.ActiveCfg = Release|Any CPU
		{02D7FF3D-0FBB-4892-A2B2-80BC1523CE7E}.Release|Any CPU.Build.0 = Release|Any CPU
	EndGlobalSection
	GlobalSection(SolutionProperties) = preSolution
		HideSolutionNode = FALSE
	EndGlobalSection
	GlobalSection(ExtensibilityGlobals) = postSolution
		SolutionGuid = {73C057EA-EB1C-44AE-8CA0-CF8447ADCA00}
	EndGlobalSection
EndGlobal
